
Microsoft Visual Studio Solution File, Format Version 12.00
# Visual Studio 14
VisualStudioVersion = 14.0.25420.1
MinimumVisualStudioVersion = 10.0.40219.1
Project("{FAE04EC0-301F-11D3-BF4B-00C04F79EFBC}") = "AddressBook", "AddressBook\AddressBook.csproj", "{34258A81-678A-484C-A684-1F822C82CCFE}"
EndProject
Project("{FAE04EC0-301F-11D3-BF4B-00C04F79EFBC}") = "AddressBook.Web.Tests", "AddressBook.Web.Tests\AddressBook.Web.Tests.csproj", "{44D5F408-F7E5-4DEC-97CB-25F27A5043BB}"
EndProject
Global
	GlobalSection(SolutionConfigurationPlatforms) = preSolution
		Debug|Any CPU = Debug|Any CPU
		Release|Any CPU = Release|Any CPU
	EndGlobalSection
	GlobalSection(ProjectConfigurationPlatforms) = postSolution
		{34258A81-678A-484C-A684-1F822C82CCFE}.Debug|Any CPU.ActiveCfg = Debug|Any CPU
		{34258A81-678A-484C-A684-1F822C82CCFE}.Debug|Any CPU.Build.0 = Debug|Any CPU
		{34258A81-678A-484C-A684-1F822C82CCFE}.Release|Any CPU.ActiveCfg = Release|Any CPU
		{34258A81-678A-484C-A684-1F822C82CCFE}.Release|Any CPU.Build.0 = Release|Any CPU
		{44D5F408-F7E5-4DEC-97CB-25F27A5043BB}.Debug|Any CPU.ActiveCfg = Debug|Any CPU
		{44D5F408-F7E5-4DEC-97CB-25F27A5043BB}.Debug|Any CPU.Build.0 = Debug|Any CPU
		{44D5F408-F7E5-4DEC-97CB-25F27A5043BB}.Release|Any CPU.ActiveCfg = Release|Any CPU
		{44D5F408-F7E5-4DEC-97CB-25F27A5043BB}.Release|Any CPU.Build.0 = Release|Any CPU
	EndGlobalSection
	GlobalSection(SolutionProperties) = preSolution
		HideSolutionNode = FALSE
	EndGlobalSection
EndGlobal
